
Microsoft Visual Studio Solution File, Format Version 12.00
# Visual Studio Version 17
VisualStudioVersion = 17.2.32630.192
MinimumVisualStudioVersion = 10.0.40219.1
Project("{FAE04EC0-301F-11D3-BF4B-00C04F79EFBC}") = "SigmaExplorer.Server", "SigmaExplorer\Server\SigmaExplorer.Server.csproj", "{185C256F-EA9D-4A16-8A3D-F45243F03FE3}"
EndProject
Project("{FAE04EC0-301F-11D3-BF4B-00C04F79EFBC}") = "SigmaExplorer.Client", "SigmaExplorer\Client\SigmaExplorer.Client.csproj", "{FB38F996-2BC5-4564-B81C-6B7EC9A738BA}"
EndProject
Project("{FAE04EC0-301F-11D3-BF4B-00C04F79EFBC}") = "SigmaExplorer.Shared", "SigmaExplorer\Shared\SigmaExplorer.Shared.csproj", "{4D31F412-59BB-44A2-BC4D-42CB6CF09075}"
EndProject
Global
	GlobalSection(SolutionConfigurationPlatforms) = preSolution
		Debug|Any CPU = Debug|Any CPU
		Release|Any CPU = Release|Any CPU
	EndGlobalSection
	GlobalSection(ProjectConfigurationPlatforms) = postSolution
		{185C256F-EA9D-4A16-8A3D-F45243F03FE3}.Debug|Any CPU.ActiveCfg = Debug|Any CPU
		{185C256F-EA9D-4A16-8A3D-F45243F03FE3}.Debug|Any CPU.Build.0 = Debug|Any CPU
		{185C256F-EA9D-4A16-8A3D-F45243F03FE3}.Release|Any CPU.ActiveCfg = Release|Any CPU
		{185C256F-EA9D-4A16-8A3D-F45243F03FE3}.Release|Any CPU.Build.0 = Release|Any CPU
		{FB38F996-2BC5-4564-B81C-6B7EC9A738BA}.Debug|Any CPU.ActiveCfg = Debug|Any CPU
		{FB38F996-2BC5-4564-B81C-6B7EC9A738BA}.Debug|Any CPU.Build.0 = Debug|Any CPU
		{FB38F996-2BC5-4564-B81C-6B7EC9A738BA}.Release|Any CPU.ActiveCfg = Release|Any CPU
		{FB38F996-2BC5-4564-B81C-6B7EC9A738BA}.Release|Any CPU.Build.0 = Release|Any CPU
		{4D31F412-59BB-44A2-BC4D-42CB6CF09075}.Debug|Any CPU.ActiveCfg = Debug|Any CPU
		{4D31F412-59BB-44A2-BC4D-42CB6CF09075}.Debug|Any CPU.Build.0 = Debug|Any CPU
		{4D31F412-59BB-44A2-BC4D-42CB6CF09075}.Release|Any CPU.ActiveCfg = Release|Any CPU
		{4D31F412-59BB-44A2-BC4D-42CB6CF09075}.Release|Any CPU.Build.0 = Release|Any CPU
	EndGlobalSection
	GlobalSection(SolutionProperties) = preSolution
		HideSolutionNode = FALSE
	EndGlobalSection
	GlobalSection(ExtensibilityGlobals) = postSolution
		SolutionGuid = {FEE8237B-230B-43F6-9A9D-D9970F1FF425}
	EndGlobalSection
EndGlobal
